
Microsoft Visual Studio Solution File, Format Version 12.00
# Visual Studio Version 17
VisualStudioVersion = 17.8.34330.188
MinimumVisualStudioVersion = 10.0.40219.1
Project("{FAE04EC0-301F-11D3-BF4B-00C04F79EFBC}") = "calendar", "calendar\calendar.csproj", "{3979B0B3-7D93-4803-B566-7302B4381CBF}"
EndProject
Global
	GlobalSection(SolutionConfigurationPlatforms) = preSolution
		Debug|Any CPU = Debug|Any CPU
		Release|Any CPU = Release|Any CPU
	EndGlobalSection
	GlobalSection(ProjectConfigurationPlatforms) = postSolution
		{3979B0B3-7D93-4803-B566-7302B4381CBF}.Debug|Any CPU.ActiveCfg = Debug|Any CPU
		{3979B0B3-7D93-4803-B566-7302B4381CBF}.Debug|Any CPU.Build.0 = Debug|Any CPU
		{3979B0B3-7D93-4803-B566-7302B4381CBF}.Release|Any CPU.ActiveCfg = Release|Any CPU
		{3979B0B3-7D93-4803-B566-7302B4381CBF}.Release|Any CPU.Build.0 = Release|Any CPU
	EndGlobalSection
	GlobalSection(SolutionProperties) = preSolution
		HideSolutionNode = FALSE
	EndGlobalSection
	GlobalSection(ExtensibilityGlobals) = postSolution
		SolutionGuid = {5AFA7418-E80B-4983-AE4A-ACEB9933F0D7}
	EndGlobalSection
EndGlobal
