
Microsoft Visual Studio Solution File, Format Version 12.00
# Visual Studio Version 17
VisualStudioVersion = 17.8.34330.188
MinimumVisualStudioVersion = 10.0.40219.1
Project("{FAE04EC0-301F-11D3-BF4B-00C04F79EFBC}") = "IsPalindrome", "IsPalindrome\IsPalindrome.csproj", "{48BF8EF2-C6EE-437F-BB28-A36A62413621}"
EndProject
Global
	GlobalSection(SolutionConfigurationPlatforms) = preSolution
		Debug|Any CPU = Debug|Any CPU
		Release|Any CPU = Release|Any CPU
	EndGlobalSection
	GlobalSection(ProjectConfigurationPlatforms) = postSolution
		{48BF8EF2-C6EE-437F-BB28-A36A62413621}.Debug|Any CPU.ActiveCfg = Debug|Any CPU
		{48BF8EF2-C6EE-437F-BB28-A36A62413621}.Debug|Any CPU.Build.0 = Debug|Any CPU
		{48BF8EF2-C6EE-437F-BB28-A36A62413621}.Release|Any CPU.ActiveCfg = Release|Any CPU
		{48BF8EF2-C6EE-437F-BB28-A36A62413621}.Release|Any CPU.Build.0 = Release|Any CPU
	EndGlobalSection
	GlobalSection(SolutionProperties) = preSolution
		HideSolutionNode = FALSE
	EndGlobalSection
	GlobalSection(ExtensibilityGlobals) = postSolution
		SolutionGuid = {28A1F037-CF21-4A94-8A16-CD7BD16E5E20}
	EndGlobalSection
EndGlobal
