
Microsoft Visual Studio Solution File, Format Version 12.00
# Visual Studio Version 17
VisualStudioVersion = 17.8.34330.188
MinimumVisualStudioVersion = 10.0.40219.1
Project("{FAE04EC0-301F-11D3-BF4B-00C04F79EFBC}") = "ARRAY", "ARRAY\ARRAY.csproj", "{584A454A-F6F7-43F9-B911-BC08B5441B9F}"
EndProject
Global
	GlobalSection(SolutionConfigurationPlatforms) = preSolution
		Debug|Any CPU = Debug|Any CPU
		Release|Any CPU = Release|Any CPU
	EndGlobalSection
	GlobalSection(ProjectConfigurationPlatforms) = postSolution
		{584A454A-F6F7-43F9-B911-BC08B5441B9F}.Debug|Any CPU.ActiveCfg = Debug|Any CPU
		{584A454A-F6F7-43F9-B911-BC08B5441B9F}.Debug|Any CPU.Build.0 = Debug|Any CPU
		{584A454A-F6F7-43F9-B911-BC08B5441B9F}.Release|Any CPU.ActiveCfg = Release|Any CPU
		{584A454A-F6F7-43F9-B911-BC08B5441B9F}.Release|Any CPU.Build.0 = Release|Any CPU
	EndGlobalSection
	GlobalSection(SolutionProperties) = preSolution
		HideSolutionNode = FALSE
	EndGlobalSection
	GlobalSection(ExtensibilityGlobals) = postSolution
		SolutionGuid = {3E0B42CE-B839-43DA-8890-CF27C3C8A9BC}
	EndGlobalSection
EndGlobal
