
Microsoft Visual Studio Solution File, Format Version 12.00
# Visual Studio Version 17
VisualStudioVersion = 17.8.34330.188
MinimumVisualStudioVersion = 10.0.40219.1
Project("{FAE04EC0-301F-11D3-BF4B-00C04F79EFBC}") = "Student_Enrollment_System", "Student_Enrollment_System\Student_Enrollment_System.csproj", "{859E31F8-7726-41AE-8D9F-AC8D7705665A}"
EndProject
Global
	GlobalSection(SolutionConfigurationPlatforms) = preSolution
		Debug|Any CPU = Debug|Any CPU
		Release|Any CPU = Release|Any CPU
	EndGlobalSection
	GlobalSection(ProjectConfigurationPlatforms) = postSolution
		{859E31F8-7726-41AE-8D9F-AC8D7705665A}.Debug|Any CPU.ActiveCfg = Debug|Any CPU
		{859E31F8-7726-41AE-8D9F-AC8D7705665A}.Debug|Any CPU.Build.0 = Debug|Any CPU
		{859E31F8-7726-41AE-8D9F-AC8D7705665A}.Release|Any CPU.ActiveCfg = Release|Any CPU
		{859E31F8-7726-41AE-8D9F-AC8D7705665A}.Release|Any CPU.Build.0 = Release|Any CPU
	EndGlobalSection
	GlobalSection(SolutionProperties) = preSolution
		HideSolutionNode = FALSE
	EndGlobalSection
	GlobalSection(ExtensibilityGlobals) = postSolution
		SolutionGuid = {0CEE09A7-8F73-4158-A719-BD96FC3F1E59}
	EndGlobalSection
EndGlobal
